// !$*UTF8*$!
{
	archiveVersion = 1;
	classes = {
	};
	objectVersion = 55;
	objects = {

/* Begin PBXBuildFile section */
		0FEDB90D287DD88C00C87902 /* AppDelegate.swift in Sources */ = {isa = PBXBuildFile; fileRef = 0FEDB90C287DD88C00C87902 /* AppDelegate.swift */; };
		0FEDB90F287DD88C00C87902 /* SceneDelegate.swift in Sources */ = {isa = PBXBuildFile; fileRef = 0FEDB90E287DD88C00C87902 /* SceneDelegate.swift */; };
		0FEDB916287DD88E00C87902 /* Assets.xcassets in Resources */ = {isa = PBXBuildFile; fileRef = 0FEDB915287DD88E00C87902 /* Assets.xcassets */; };
		0FEDB919287DD88E00C87902 /* LaunchScreen.storyboard in Resources */ = {isa = PBXBuildFile; fileRef = 0FEDB917287DD88E00C87902 /* LaunchScreen.storyboard */; };
		0FEDB921287DD90D00C87902 /* SpotifyViewController.swift in Sources */ = {isa = PBXBuildFile; fileRef = 0FEDB920287DD90D00C87902 /* SpotifyViewController.swift */; };
		0FEDB924287DD95500C87902 /* SnapKit in Frameworks */ = {isa = PBXBuildFile; productRef = 0FEDB923287DD95500C87902 /* SnapKit */; };
		0FEDB926287DDB0400C87902 /* BannerInfo.swift in Sources */ = {isa = PBXBuildFile; fileRef = 0FEDB925287DDB0400C87902 /* BannerInfo.swift */; };
		0FF6951B2884736A00E69CD3 /* BannerCell.swift in Sources */ = {isa = PBXBuildFile; fileRef = 0FF6951A2884736A00E69CD3 /* BannerCell.swift */; };
/* End PBXBuildFile section */

/* Begin PBXFileReference section */
		0FEDB909287DD88C00C87902 /* CompositionalLayout-2(Spotify).app */ = {isa = PBXFileReference; explicitFileType = wrapper.application; includeInIndex = 0; path = "CompositionalLayout-2(Spotify).app"; sourceTree = BUILT_PRODUCTS_DIR; };
		0FEDB90C287DD88C00C87902 /* AppDelegate.swift */ = {isa = PBXFileReference; lastKnownFileType = sourcecode.swift; path = AppDelegate.swift; sourceTree = "<group>"; };
		0FEDB90E287DD88C00C87902 /* SceneDelegate.swift */ = {isa = PBXFileReference; lastKnownFileType = sourcecode.swift; path = SceneDelegate.swift; sourceTree = "<group>"; };
		0FEDB915287DD88E00C87902 /* Assets.xcassets */ = {isa = PBXFileReference; lastKnownFileType = folder.assetcatalog; path = Assets.xcassets; sourceTree = "<group>"; };
		0FEDB918287DD88E00C87902 /* Base */ = {isa = PBXFileReference; lastKnownFileType = file.storyboard; name = Base; path = Base.lproj/LaunchScreen.storyboard; sourceTree = "<group>"; };
		0FEDB91A287DD88E00C87902 /* Info.plist */ = {isa = PBXFileReference; lastKnownFileType = text.plist.xml; path = Info.plist; sourceTree = "<group>"; };
		0FEDB920287DD90D00C87902 /* SpotifyViewController.swift */ = {isa = PBXFileReference; lastKnownFileType = sourcecode.swift; path = SpotifyViewController.swift; sourceTree = "<group>"; };
		0FEDB925287DDB0400C87902 /* BannerInfo.swift */ = {isa = PBXFileReference; lastKnownFileType = sourcecode.swift; path = BannerInfo.swift; sourceTree = "<group>"; };
		0FF6951A2884736A00E69CD3 /* BannerCell.swift */ = {isa = PBXFileReference; lastKnownFileType = sourcecode.swift; path = BannerCell.swift; sourceTree = "<group>"; };
/* End PBXFileReference section */

/* Begin PBXFrameworksBuildPhase section */
		0FEDB906287DD88C00C87902 /* Frameworks */ = {
			isa = PBXFrameworksBuildPhase;
			buildActionMask = 2147483647;
			files = (
				0FEDB924287DD95500C87902 /* SnapKit in Frameworks */,
			);
			runOnlyForDeploymentPostprocessing = 0;
		};
/* End PBXFrameworksBuildPhase section */

/* Begin PBXGroup section */
		0FEDB900287DD88C00C87902 = {
			isa = PBXGroup;
			children = (
				0FEDB90B287DD88C00C87902 /* CompositionalLayout-2(Spotify) */,
				0FEDB90A287DD88C00C87902 /* Products */,
			);
			sourceTree = "<group>";
		};
		0FEDB90A287DD88C00C87902 /* Products */ = {
			isa = PBXGroup;
			children = (
				0FEDB909287DD88C00C87902 /* CompositionalLayout-2(Spotify).app */,
			);
			name = Products;
			sourceTree = "<group>";
		};
		0FEDB90B287DD88C00C87902 /* CompositionalLayout-2(Spotify) */ = {
			isa = PBXGroup;
			children = (
				0FEDB90C287DD88C00C87902 /* AppDelegate.swift */,
				0FEDB90E287DD88C00C87902 /* SceneDelegate.swift */,
				0FEDB925287DDB0400C87902 /* BannerInfo.swift */,
				0FEDB920287DD90D00C87902 /* SpotifyViewController.swift */,
				0FF6951A2884736A00E69CD3 /* BannerCell.swift */,
				0FEDB915287DD88E00C87902 /* Assets.xcassets */,
				0FEDB917287DD88E00C87902 /* LaunchScreen.storyboard */,
				0FEDB91A287DD88E00C87902 /* Info.plist */,
			);
			path = "CompositionalLayout-2(Spotify)";
			sourceTree = "<group>";
		};
/* End PBXGroup section */

/* Begin PBXNativeTarget section */
		0FEDB908287DD88C00C87902 /* CompositionalLayout-2(Spotify) */ = {
			isa = PBXNativeTarget;
			buildConfigurationList = 0FEDB91D287DD88E00C87902 /* Build configuration list for PBXNativeTarget "CompositionalLayout-2(Spotify)" */;
			buildPhases = (
				0FEDB905287DD88C00C87902 /* Sources */,
				0FEDB906287DD88C00C87902 /* Frameworks */,
				0FEDB907287DD88C00C87902 /* Resources */,
			);
			buildRules = (
			);
			dependencies = (
			);
			name = "CompositionalLayout-2(Spotify)";
			packageProductDependencies = (
				0FEDB923287DD95500C87902 /* SnapKit */,
			);
			productName = "CompositionalLayout-2(Spotify)";
			productReference = 0FEDB909287DD88C00C87902 /* CompositionalLayout-2(Spotify).app */;
			productType = "com.apple.product-type.application";
		};
/* End PBXNativeTarget section */

/* Begin PBXProject section */
		0FEDB901287DD88C00C87902 /* Project object */ = {
			isa = PBXProject;
			attributes = {
				BuildIndependentTargetsInParallel = 1;
				LastSwiftUpdateCheck = 1340;
				LastUpgradeCheck = 1340;
				TargetAttributes = {
					0FEDB908287DD88C00C87902 = {
						CreatedOnToolsVersion = 13.4.1;
					};
				};
			};
			buildConfigurationList = 0FEDB904287DD88C00C87902 /* Build configuration list for PBXProject "CompositionalLayout-2(Spotify)" */;
			compatibilityVersion = "Xcode 13.0";
			developmentRegion = en;
			hasScannedForEncodings = 0;
			knownRegions = (
				en,
				Base,
			);
			mainGroup = 0FEDB900287DD88C00C87902;
			packageReferences = (
				0FEDB922287DD95500C87902 /* XCRemoteSwiftPackageReference "SnapKit" */,
			);
			productRefGroup = 0FEDB90A287DD88C00C87902 /* Products */;
			projectDirPath = "";
			projectRoot = "";
			targets = (
				0FEDB908287DD88C00C87902 /* CompositionalLayout-2(Spotify) */,
			);
		};
/* End PBXProject section */

/* Begin PBXResourcesBuildPhase section */
		0FEDB907287DD88C00C87902 /* Resources */ = {
			isa = PBXResourcesBuildPhase;
			buildActionMask = 2147483647;
			files = (
				0FEDB919287DD88E00C87902 /* LaunchScreen.storyboard in Resources */,
				0FEDB916287DD88E00C87902 /* Assets.xcassets in Resources */,
			);
			runOnlyForDeploymentPostprocessing = 0;
		};
/* End PBXResourcesBuildPhase section */

/* Begin PBXSourcesBuildPhase section */
		0FEDB905287DD88C00C87902 /* Sources */ = {
			isa = PBXSourcesBuildPhase;
			buildActionMask = 2147483647;
			files = (
				0FEDB90D287DD88C00C87902 /* AppDelegate.swift in Sources */,
				0FF6951B2884736A00E69CD3 /* BannerCell.swift in Sources */,
				0FEDB926287DDB0400C87902 /* BannerInfo.swift in Sources */,
				0FEDB90F287DD88C00C87902 /* SceneDelegate.swift in Sources */,
				0FEDB921287DD90D00C87902 /* SpotifyViewController.swift in Sources */,
			);
			runOnlyForDeploymentPostprocessing = 0;
		};
/* End PBXSourcesBuildPhase section */

/* Begin PBXVariantGroup section */
		0FEDB917287DD88E00C87902 /* LaunchScreen.storyboard */ = {
			isa = PBXVariantGroup;
			children = (
				0FEDB918287DD88E00C87902 /* Base */,
			);
			name = LaunchScreen.storyboard;
			sourceTree = "<group>";
		};
/* End PBXVariantGroup section */

/* Begin XCBuildConfiguration section */
		0FEDB91B287DD88E00C87902 /* Debug */ = {
			isa = XCBuildConfiguration;
			buildSettings = {
				ALWAYS_SEARCH_USER_PATHS = NO;
				CLANG_ANALYZER_NONNULL = YES;
				CLANG_ANALYZER_NUMBER_OBJECT_CONVERSION = YES_AGGRESSIVE;
				CLANG_CXX_LANGUAGE_STANDARD = "gnu++17";
				CLANG_ENABLE_MODULES = YES;
				CLANG_ENABLE_OBJC_ARC = YES;
				CLANG_ENABLE_OBJC_WEAK = YES;
				CLANG_WARN_BLOCK_CAPTURE_AUTORELEASING = YES;
				CLANG_WARN_BOOL_CONVERSION = YES;
				CLANG_WARN_COMMA = YES;
				CLANG_WARN_CONSTANT_CONVERSION = YES;
				CLANG_WARN_DEPRECATED_OBJC_IMPLEMENTATIONS = YES;
				CLANG_WARN_DIRECT_OBJC_ISA_USAGE = YES_ERROR;
				CLANG_WARN_DOCUMENTATION_COMMENTS = YES;
				CLANG_WARN_EMPTY_BODY = YES;
				CLANG_WARN_ENUM_CONVERSION = YES;
				CLANG_WARN_INFINITE_RECURSION = YES;
				CLANG_WARN_INT_CONVERSION = YES;
				CLANG_WARN_NON_LITERAL_NULL_CONVERSION = YES;
				CLANG_WARN_OBJC_IMPLICIT_RETAIN_SELF = YES;
				CLANG_WARN_OBJC_LITERAL_CONVERSION = YES;
				CLANG_WARN_OBJC_ROOT_CLASS = YES_ERROR;
				CLANG_WARN_QUOTED_INCLUDE_IN_FRAMEWORK_HEADER = YES;
				CLANG_WARN_RANGE_LOOP_ANALYSIS = YES;
				CLANG_WARN_STRICT_PROTOTYPES = YES;
				CLANG_WARN_SUSPICIOUS_MOVE = YES;
				CLANG_WARN_UNGUARDED_AVAILABILITY = YES_AGGRESSIVE;
				CLANG_WARN_UNREACHABLE_CODE = YES;
				CLANG_WARN__DUPLICATE_METHOD_MATCH = YES;
				COPY_PHASE_STRIP = NO;
				DEBUG_INFORMATION_FORMAT = dwarf;
				ENABLE_STRICT_OBJC_MSGSEND = YES;
				ENABLE_TESTABILITY = YES;
				GCC_C_LANGUAGE_STANDARD = gnu11;
				GCC_DYNAMIC_NO_PIC = NO;
				GCC_NO_COMMON_BLOCKS = YES;
				GCC_OPTIMIZATION_LEVEL = 0;
				GCC_PREPROCESSOR_DEFINITIONS = (
					"DEBUG=1",
					"$(inherited)",
				);
				GCC_WARN_64_TO_32_BIT_CONVERSION = YES;
				GCC_WARN_ABOUT_RETURN_TYPE = YES_ERROR;
				GCC_WARN_UNDECLARED_SELECTOR = YES;
				GCC_WARN_UNINITIALIZED_AUTOS = YES_AGGRESSIVE;
				GCC_WARN_UNUSED_FUNCTION = YES;
				GCC_WARN_UNUSED_VARIABLE = YES;
				IPHONEOS_DEPLOYMENT_TARGET = 15.5;
				MTL_ENABLE_DEBUG_INFO = INCLUDE_SOURCE;
				MTL_FAST_MATH = YES;
				ONLY_ACTIVE_ARCH = YES;
				SDKROOT = iphoneos;
				SWIFT_ACTIVE_COMPILATION_CONDITIONS = DEBUG;
				SWIFT_OPTIMIZATION_LEVEL = "-Onone";
			};
			name = Debug;
		};
		0FEDB91C287DD88E00C87902 /* Release */ = {
			isa = XCBuildConfiguration;
			buildSettings = {
				ALWAYS_SEARCH_USER_PATHS = NO;
				CLANG_ANALYZER_NONNULL = YES;
				CLANG_ANALYZER_NUMBER_OBJECT_CONVERSION = YES_AGGRESSIVE;
				CLANG_CXX_LANGUAGE_STANDARD = "gnu++17";
				CLANG_ENABLE_MODULES = YES;
				CLANG_ENABLE_OBJC_ARC = YES;
				CLANG_ENABLE_OBJC_WEAK = YES;
				CLANG_WARN_BLOCK_CAPTURE_AUTORELEASING = YES;
				CLANG_WARN_BOOL_CONVERSION = YES;
				CLANG_WARN_COMMA = YES;
				CLANG_WARN_CONSTANT_CONVERSION = YES;
				CLANG_WARN_DEPRECATED_OBJC_IMPLEMENTATIONS = YES;
				CLANG_WARN_DIRECT_OBJC_ISA_USAGE = YES_ERROR;
				CLANG_WARN_DOCUMENTATION_COMMENTS = YES;
				CLANG_WARN_EMPTY_BODY = YES;
				CLANG_WARN_ENUM_CONVERSION = YES;
				CLANG_WARN_INFINITE_RECURSION = YES;
				CLANG_WARN_INT_CONVERSION = YES;
				CLANG_WARN_NON_LITERAL_NULL_CONVERSION = YES;
				CLANG_WARN_OBJC_IMPLICIT_RETAIN_SELF = YES;
				CLANG_WARN_OBJC_LITERAL_CONVERSION = YES;
				CLANG_WARN_OBJC_ROOT_CLASS = YES_ERROR;
				CLANG_WARN_QUOTED_INCLUDE_IN_FRAMEWORK_HEADER = YES;
				CLANG_WARN_RANGE_LOOP_ANALYSIS = YES;
				CLANG_WARN_STRICT_PROTOTYPES = YES;
				CLANG_WARN_SUSPICIOUS_MOVE = YES;
				CLANG_WARN_UNGUARDED_AVAILABILITY = YES_AGGRESSIVE;
				CLANG_WARN_UNREACHABLE_CODE = YES;
				CLANG_WARN__DUPLICATE_METHOD_MATCH = YES;
				COPY_PHASE_STRIP = NO;
				DEBUG_INFORMATION_FORMAT = "dwarf-with-dsym";
				ENABLE_NS_ASSERTIONS = NO;
				ENABLE_STRICT_OBJC_MSGSEND = YES;
				GCC_C_LANGUAGE_STANDARD = gnu11;
				GCC_NO_COMMON_BLOCKS = YES;
				GCC_WARN_64_TO_32_BIT_CONVERSION = YES;
				GCC_WARN_ABOUT_RETURN_TYPE = YES_ERROR;
				GCC_WARN_UNDECLARED_SELECTOR = YES;
				GCC_WARN_UNINITIALIZED_AUTOS = YES_AGGRESSIVE;
				GCC_WARN_UNUSED_FUNCTION = YES;
				GCC_WARN_UNUSED_VARIABLE = YES;
				IPHONEOS_DEPLOYMENT_TARGET = 15.5;
				MTL_ENABLE_DEBUG_INFO = NO;
				MTL_FAST_MATH = YES;
				SDKROOT = iphoneos;
				SWIFT_COMPILATION_MODE = wholemodule;
				SWIFT_OPTIMIZATION_LEVEL = "-O";
				VALIDATE_PRODUCT = YES;
			};
			name = Release;
		};
		0FEDB91E287DD88E00C87902 /* Debug */ = {
			isa = XCBuildConfiguration;
			buildSettings = {
				ASSETCATALOG_COMPILER_APPICON_NAME = AppIcon;
				ASSETCATALOG_COMPILER_GLOBAL_ACCENT_COLOR_NAME = AccentColor;
				CODE_SIGN_STYLE = Automatic;
				CURRENT_PROJECT_VERSION = 1;
				DEVELOPMENT_TEAM = J7MH5N2BKX;
				GENERATE_INFOPLIST_FILE = YES;
				INFOPLIST_FILE = "CompositionalLayout-2(Spotify)/Info.plist";
				INFOPLIST_KEY_UIApplicationSupportsIndirectInputEvents = YES;
				INFOPLIST_KEY_UILaunchStoryboardName = LaunchScreen;
				INFOPLIST_KEY_UISupportedInterfaceOrientations_iPad = "UIInterfaceOrientationPortrait UIInterfaceOrientationPortraitUpsideDown UIInterfaceOrientationLandscapeLeft UIInterfaceOrientationLandscapeRight";
				INFOPLIST_KEY_UISupportedInterfaceOrientations_iPhone = "UIInterfaceOrientationPortrait UIInterfaceOrientationLandscapeLeft UIInterfaceOrientationLandscapeRight";
				LD_RUNPATH_SEARCH_PATHS = (
					"$(inherited)",
					"@executable_path/Frameworks",
				);
				MARKETING_VERSION = 1.0;
				PRODUCT_BUNDLE_IDENTIFIER = "com.byougil.youn.CompositionalLayout-2-Spotify-";
				PRODUCT_NAME = "$(TARGET_NAME)";
				SWIFT_EMIT_LOC_STRINGS = YES;
				SWIFT_VERSION = 5.0;
				TARGETED_DEVICE_FAMILY = 1;
			};
			name = Debug;
		};
		0FEDB91F287DD88E00C87902 /* Release */ = {
			isa = XCBuildConfiguration;
			buildSettings = {
				ASSETCATALOG_COMPILER_APPICON_NAME = AppIcon;
				ASSETCATALOG_COMPILER_GLOBAL_ACCENT_COLOR_NAME = AccentColor;
				CODE_SIGN_STYLE = Automatic;
				CURRENT_PROJECT_VERSION = 1;
				DEVELOPMENT_TEAM = J7MH5N2BKX;
				GENERATE_INFOPLIST_FILE = YES;
				INFOPLIST_FILE = "CompositionalLayout-2(Spotify)/Info.plist";
				INFOPLIST_KEY_UIApplicationSupportsIndirectInputEvents = YES;
				INFOPLIST_KEY_UILaunchStoryboardName = LaunchScreen;
				INFOPLIST_KEY_UISupportedInterfaceOrientations_iPad = "UIInterfaceOrientationPortrait UIInterfaceOrientationPortraitUpsideDown UIInterfaceOrientationLandscapeLeft UIInterfaceOrientationLandscapeRight";
				INFOPLIST_KEY_UISupportedInterfaceOrientations_iPhone = "UIInterfaceOrientationPortrait UIInterfaceOrientationLandscapeLeft UIInterfaceOrientationLandscapeRight";
				LD_RUNPATH_SEARCH_PATHS = (
					"$(inherited)",
					"@executable_path/Frameworks",
				);
				MARKETING_VERSION = 1.0;
				PRODUCT_BUNDLE_IDENTIFIER = "com.byougil.youn.CompositionalLayout-2-Spotify-";
				PRODUCT_NAME = "$(TARGET_NAME)";
				SWIFT_EMIT_LOC_STRINGS = YES;
				SWIFT_VERSION = 5.0;
				TARGETED_DEVICE_FAMILY = 1;
			};
			name = Release;
		};
/* End XCBuildConfiguration section */

/* Begin XCConfigurationList section */
		0FEDB904287DD88C00C87902 /* Build configuration list for PBXProject "CompositionalLayout-2(Spotify)" */ = {
			isa = XCConfigurationList;
			buildConfigurations = (
				0FEDB91B287DD88E00C87902 /* Debug */,
				0FEDB91C287DD88E00C87902 /* Release */,
			);
			defaultConfigurationIsVisible = 0;
			defaultConfigurationName = Release;
		};
		0FEDB91D287DD88E00C87902 /* Build configuration list for PBXNativeTarget "CompositionalLayout-2(Spotify)" */ = {
			isa = XCConfigurationList;
			buildConfigurations = (
				0FEDB91E287DD88E00C87902 /* Debug */,
				0FEDB91F287DD88E00C87902 /* Release */,
			);
			defaultConfigurationIsVisible = 0;
			defaultConfigurationName = Release;
		};
/* End XCConfigurationList section */

/* Begin XCRemoteSwiftPackageReference section */
		0FEDB922287DD95500C87902 /* XCRemoteSwiftPackageReference "SnapKit" */ = {
			isa = XCRemoteSwiftPackageReference;
			repositoryURL = "https://github.com/SnapKit/SnapKit.git";
			requirement = {
				kind = upToNextMajorVersion;
				minimumVersion = 5.0.0;
			};
		};
/* End XCRemoteSwiftPackageReference section */

/* Begin XCSwiftPackageProductDependency section */
		0FEDB923287DD95500C87902 /* SnapKit */ = {
			isa = XCSwiftPackageProductDependency;
			package = 0FEDB922287DD95500C87902 /* XCRemoteSwiftPackageReference "SnapKit" */;
			productName = SnapKit;
		};
/* End XCSwiftPackageProductDependency section */
	};
	rootObject = 0FEDB901287DD88C00C87902 /* Project object */;
}
