// !$*UTF8*$!
{
	archiveVersion = 1;
	classes = {
	};
	objectVersion = 55;
	objects = {

/* Begin PBXBuildFile section */
		0F4DB09F2871FBAF00490EFF /* OnboardingViewController.swift in Sources */ = {isa = PBXBuildFile; fileRef = 0F4DB09E2871FBAF00490EFF /* OnboardingViewController.swift */; };
		0F4DB0A12871FE2100490EFF /* OnboardingMessage.swift in Sources */ = {isa = PBXBuildFile; fileRef = 0F4DB0A02871FE2100490EFF /* OnboardingMessage.swift */; };
		0F4DB0A42871FF3000490EFF /* SnapKit in Frameworks */ = {isa = PBXBuildFile; productRef = 0F4DB0A32871FF3000490EFF /* SnapKit */; };
		0F4DB0A62872026600490EFF /* OnboardingCell.swift in Sources */ = {isa = PBXBuildFile; fileRef = 0F4DB0A52872026600490EFF /* OnboardingCell.swift */; };
		0FA2B6432871F78500D5030E /* AppDelegate.swift in Sources */ = {isa = PBXBuildFile; fileRef = 0FA2B6422871F78500D5030E /* AppDelegate.swift */; };
		0FA2B6452871F78500D5030E /* SceneDelegate.swift in Sources */ = {isa = PBXBuildFile; fileRef = 0FA2B6442871F78500D5030E /* SceneDelegate.swift */; };
		0FA2B64A2871F78500D5030E /* Main.storyboard in Resources */ = {isa = PBXBuildFile; fileRef = 0FA2B6482871F78500D5030E /* Main.storyboard */; };
		0FA2B64C2871F78600D5030E /* Assets.xcassets in Resources */ = {isa = PBXBuildFile; fileRef = 0FA2B64B2871F78600D5030E /* Assets.xcassets */; };
		0FA2B64F2871F78600D5030E /* LaunchScreen.storyboard in Resources */ = {isa = PBXBuildFile; fileRef = 0FA2B64D2871F78600D5030E /* LaunchScreen.storyboard */; };
/* End PBXBuildFile section */

/* Begin PBXFileReference section */
		0F4DB09E2871FBAF00490EFF /* OnboardingViewController.swift */ = {isa = PBXFileReference; lastKnownFileType = sourcecode.swift; path = OnboardingViewController.swift; sourceTree = "<group>"; };
		0F4DB0A02871FE2100490EFF /* OnboardingMessage.swift */ = {isa = PBXFileReference; lastKnownFileType = sourcecode.swift; path = OnboardingMessage.swift; sourceTree = "<group>"; };
		0F4DB0A52872026600490EFF /* OnboardingCell.swift */ = {isa = PBXFileReference; lastKnownFileType = sourcecode.swift; path = OnboardingCell.swift; sourceTree = "<group>"; };
		0FA2B63F2871F78500D5030E /* NRCOnboarding.app */ = {isa = PBXFileReference; explicitFileType = wrapper.application; includeInIndex = 0; path = NRCOnboarding.app; sourceTree = BUILT_PRODUCTS_DIR; };
		0FA2B6422871F78500D5030E /* AppDelegate.swift */ = {isa = PBXFileReference; lastKnownFileType = sourcecode.swift; path = AppDelegate.swift; sourceTree = "<group>"; };
		0FA2B6442871F78500D5030E /* SceneDelegate.swift */ = {isa = PBXFileReference; lastKnownFileType = sourcecode.swift; path = SceneDelegate.swift; sourceTree = "<group>"; };
		0FA2B6492871F78500D5030E /* Base */ = {isa = PBXFileReference; lastKnownFileType = file.storyboard; name = Base; path = Base.lproj/Main.storyboard; sourceTree = "<group>"; };
		0FA2B64B2871F78600D5030E /* Assets.xcassets */ = {isa = PBXFileReference; lastKnownFileType = folder.assetcatalog; path = Assets.xcassets; sourceTree = "<group>"; };
		0FA2B64E2871F78600D5030E /* Base */ = {isa = PBXFileReference; lastKnownFileType = file.storyboard; name = Base; path = Base.lproj/LaunchScreen.storyboard; sourceTree = "<group>"; };
		0FA2B6502871F78600D5030E /* Info.plist */ = {isa = PBXFileReference; lastKnownFileType = text.plist.xml; path = Info.plist; sourceTree = "<group>"; };
/* End PBXFileReference section */

/* Begin PBXFrameworksBuildPhase section */
		0FA2B63C2871F78500D5030E /* Frameworks */ = {
			isa = PBXFrameworksBuildPhase;
			buildActionMask = 2147483647;
			files = (
				0F4DB0A42871FF3000490EFF /* SnapKit in Frameworks */,
			);
			runOnlyForDeploymentPostprocessing = 0;
		};
/* End PBXFrameworksBuildPhase section */

/* Begin PBXGroup section */
		0FA2B6362871F78500D5030E = {
			isa = PBXGroup;
			children = (
				0FA2B6412871F78500D5030E /* NRCOnboarding */,
				0FA2B6402871F78500D5030E /* Products */,
			);
			sourceTree = "<group>";
		};
		0FA2B6402871F78500D5030E /* Products */ = {
			isa = PBXGroup;
			children = (
				0FA2B63F2871F78500D5030E /* NRCOnboarding.app */,
			);
			name = Products;
			sourceTree = "<group>";
		};
		0FA2B6412871F78500D5030E /* NRCOnboarding */ = {
			isa = PBXGroup;
			children = (
				0FA2B6422871F78500D5030E /* AppDelegate.swift */,
				0FA2B6442871F78500D5030E /* SceneDelegate.swift */,
				0F4DB0A02871FE2100490EFF /* OnboardingMessage.swift */,
				0F4DB0A52872026600490EFF /* OnboardingCell.swift */,
				0F4DB09E2871FBAF00490EFF /* OnboardingViewController.swift */,
				0FA2B6482871F78500D5030E /* Main.storyboard */,
				0FA2B64B2871F78600D5030E /* Assets.xcassets */,
				0FA2B64D2871F78600D5030E /* LaunchScreen.storyboard */,
				0FA2B6502871F78600D5030E /* Info.plist */,
			);
			path = NRCOnboarding;
			sourceTree = "<group>";
		};
/* End PBXGroup section */

/* Begin PBXNativeTarget section */
		0FA2B63E2871F78500D5030E /* NRCOnboarding */ = {
			isa = PBXNativeTarget;
			buildConfigurationList = 0FA2B6532871F78600D5030E /* Build configuration list for PBXNativeTarget "NRCOnboarding" */;
			buildPhases = (
				0FA2B63B2871F78500D5030E /* Sources */,
				0FA2B63C2871F78500D5030E /* Frameworks */,
				0FA2B63D2871F78500D5030E /* Resources */,
			);
			buildRules = (
			);
			dependencies = (
			);
			name = NRCOnboarding;
			packageProductDependencies = (
				0F4DB0A32871FF3000490EFF /* SnapKit */,
			);
			productName = NRCOnboarding;
			productReference = 0FA2B63F2871F78500D5030E /* NRCOnboarding.app */;
			productType = "com.apple.product-type.application";
		};
/* End PBXNativeTarget section */

/* Begin PBXProject section */
		0FA2B6372871F78500D5030E /* Project object */ = {
			isa = PBXProject;
			attributes = {
				BuildIndependentTargetsInParallel = 1;
				LastSwiftUpdateCheck = 1340;
				LastUpgradeCheck = 1340;
				TargetAttributes = {
					0FA2B63E2871F78500D5030E = {
						CreatedOnToolsVersion = 13.4.1;
					};
				};
			};
			buildConfigurationList = 0FA2B63A2871F78500D5030E /* Build configuration list for PBXProject "NRCOnboarding" */;
			compatibilityVersion = "Xcode 13.0";
			developmentRegion = en;
			hasScannedForEncodings = 0;
			knownRegions = (
				en,
				Base,
			);
			mainGroup = 0FA2B6362871F78500D5030E;
			packageReferences = (
				0F4DB0A22871FF3000490EFF /* XCRemoteSwiftPackageReference "SnapKit" */,
			);
			productRefGroup = 0FA2B6402871F78500D5030E /* Products */;
			projectDirPath = "";
			projectRoot = "";
			targets = (
				0FA2B63E2871F78500D5030E /* NRCOnboarding */,
			);
		};
/* End PBXProject section */

/* Begin PBXResourcesBuildPhase section */
		0FA2B63D2871F78500D5030E /* Resources */ = {
			isa = PBXResourcesBuildPhase;
			buildActionMask = 2147483647;
			files = (
				0FA2B64F2871F78600D5030E /* LaunchScreen.storyboard in Resources */,
				0FA2B64C2871F78600D5030E /* Assets.xcassets in Resources */,
				0FA2B64A2871F78500D5030E /* Main.storyboard in Resources */,
			);
			runOnlyForDeploymentPostprocessing = 0;
		};
/* End PBXResourcesBuildPhase section */

/* Begin PBXSourcesBuildPhase section */
		0FA2B63B2871F78500D5030E /* Sources */ = {
			isa = PBXSourcesBuildPhase;
			buildActionMask = 2147483647;
			files = (
				0FA2B6432871F78500D5030E /* AppDelegate.swift in Sources */,
				0F4DB0A62872026600490EFF /* OnboardingCell.swift in Sources */,
				0F4DB09F2871FBAF00490EFF /* OnboardingViewController.swift in Sources */,
				0F4DB0A12871FE2100490EFF /* OnboardingMessage.swift in Sources */,
				0FA2B6452871F78500D5030E /* SceneDelegate.swift in Sources */,
			);
			runOnlyForDeploymentPostprocessing = 0;
		};
/* End PBXSourcesBuildPhase section */

/* Begin PBXVariantGroup section */
		0FA2B6482871F78500D5030E /* Main.storyboard */ = {
			isa = PBXVariantGroup;
			children = (
				0FA2B6492871F78500D5030E /* Base */,
			);
			name = Main.storyboard;
			sourceTree = "<group>";
		};
		0FA2B64D2871F78600D5030E /* LaunchScreen.storyboard */ = {
			isa = PBXVariantGroup;
			children = (
				0FA2B64E2871F78600D5030E /* Base */,
			);
			name = LaunchScreen.storyboard;
			sourceTree = "<group>";
		};
/* End PBXVariantGroup section */

/* Begin XCBuildConfiguration section */
		0FA2B6512871F78600D5030E /* Debug */ = {
			isa = XCBuildConfiguration;
			buildSettings = {
				ALWAYS_SEARCH_USER_PATHS = NO;
				CLANG_ANALYZER_NONNULL = YES;
				CLANG_ANALYZER_NUMBER_OBJECT_CONVERSION = YES_AGGRESSIVE;
				CLANG_CXX_LANGUAGE_STANDARD = "gnu++17";
				CLANG_ENABLE_MODULES = YES;
				CLANG_ENABLE_OBJC_ARC = YES;
				CLANG_ENABLE_OBJC_WEAK = YES;
				CLANG_WARN_BLOCK_CAPTURE_AUTORELEASING = YES;
				CLANG_WARN_BOOL_CONVERSION = YES;
				CLANG_WARN_COMMA = YES;
				CLANG_WARN_CONSTANT_CONVERSION = YES;
				CLANG_WARN_DEPRECATED_OBJC_IMPLEMENTATIONS = YES;
				CLANG_WARN_DIRECT_OBJC_ISA_USAGE = YES_ERROR;
				CLANG_WARN_DOCUMENTATION_COMMENTS = YES;
				CLANG_WARN_EMPTY_BODY = YES;
				CLANG_WARN_ENUM_CONVERSION = YES;
				CLANG_WARN_INFINITE_RECURSION = YES;
				CLANG_WARN_INT_CONVERSION = YES;
				CLANG_WARN_NON_LITERAL_NULL_CONVERSION = YES;
				CLANG_WARN_OBJC_IMPLICIT_RETAIN_SELF = YES;
				CLANG_WARN_OBJC_LITERAL_CONVERSION = YES;
				CLANG_WARN_OBJC_ROOT_CLASS = YES_ERROR;
				CLANG_WARN_QUOTED_INCLUDE_IN_FRAMEWORK_HEADER = YES;
				CLANG_WARN_RANGE_LOOP_ANALYSIS = YES;
				CLANG_WARN_STRICT_PROTOTYPES = YES;
				CLANG_WARN_SUSPICIOUS_MOVE = YES;
				CLANG_WARN_UNGUARDED_AVAILABILITY = YES_AGGRESSIVE;
				CLANG_WARN_UNREACHABLE_CODE = YES;
				CLANG_WARN__DUPLICATE_METHOD_MATCH = YES;
				COPY_PHASE_STRIP = NO;
				DEBUG_INFORMATION_FORMAT = dwarf;
				ENABLE_STRICT_OBJC_MSGSEND = YES;
				ENABLE_TESTABILITY = YES;
				GCC_C_LANGUAGE_STANDARD = gnu11;
				GCC_DYNAMIC_NO_PIC = NO;
				GCC_NO_COMMON_BLOCKS = YES;
				GCC_OPTIMIZATION_LEVEL = 0;
				GCC_PREPROCESSOR_DEFINITIONS = (
					"DEBUG=1",
					"$(inherited)",
				);
				GCC_WARN_64_TO_32_BIT_CONVERSION = YES;
				GCC_WARN_ABOUT_RETURN_TYPE = YES_ERROR;
				GCC_WARN_UNDECLARED_SELECTOR = YES;
				GCC_WARN_UNINITIALIZED_AUTOS = YES_AGGRESSIVE;
				GCC_WARN_UNUSED_FUNCTION = YES;
				GCC_WARN_UNUSED_VARIABLE = YES;
				IPHONEOS_DEPLOYMENT_TARGET = 15.5;
				MTL_ENABLE_DEBUG_INFO = INCLUDE_SOURCE;
				MTL_FAST_MATH = YES;
				ONLY_ACTIVE_ARCH = YES;
				SDKROOT = iphoneos;
				SWIFT_ACTIVE_COMPILATION_CONDITIONS = DEBUG;
				SWIFT_OPTIMIZATION_LEVEL = "-Onone";
			};
			name = Debug;
		};
		0FA2B6522871F78600D5030E /* Release */ = {
			isa = XCBuildConfiguration;
			buildSettings = {
				ALWAYS_SEARCH_USER_PATHS = NO;
				CLANG_ANALYZER_NONNULL = YES;
				CLANG_ANALYZER_NUMBER_OBJECT_CONVERSION = YES_AGGRESSIVE;
				CLANG_CXX_LANGUAGE_STANDARD = "gnu++17";
				CLANG_ENABLE_MODULES = YES;
				CLANG_ENABLE_OBJC_ARC = YES;
				CLANG_ENABLE_OBJC_WEAK = YES;
				CLANG_WARN_BLOCK_CAPTURE_AUTORELEASING = YES;
				CLANG_WARN_BOOL_CONVERSION = YES;
				CLANG_WARN_COMMA = YES;
				CLANG_WARN_CONSTANT_CONVERSION = YES;
				CLANG_WARN_DEPRECATED_OBJC_IMPLEMENTATIONS = YES;
				CLANG_WARN_DIRECT_OBJC_ISA_USAGE = YES_ERROR;
				CLANG_WARN_DOCUMENTATION_COMMENTS = YES;
				CLANG_WARN_EMPTY_BODY = YES;
				CLANG_WARN_ENUM_CONVERSION = YES;
				CLANG_WARN_INFINITE_RECURSION = YES;
				CLANG_WARN_INT_CONVERSION = YES;
				CLANG_WARN_NON_LITERAL_NULL_CONVERSION = YES;
				CLANG_WARN_OBJC_IMPLICIT_RETAIN_SELF = YES;
				CLANG_WARN_OBJC_LITERAL_CONVERSION = YES;
				CLANG_WARN_OBJC_ROOT_CLASS = YES_ERROR;
				CLANG_WARN_QUOTED_INCLUDE_IN_FRAMEWORK_HEADER = YES;
				CLANG_WARN_RANGE_LOOP_ANALYSIS = YES;
				CLANG_WARN_STRICT_PROTOTYPES = YES;
				CLANG_WARN_SUSPICIOUS_MOVE = YES;
				CLANG_WARN_UNGUARDED_AVAILABILITY = YES_AGGRESSIVE;
				CLANG_WARN_UNREACHABLE_CODE = YES;
				CLANG_WARN__DUPLICATE_METHOD_MATCH = YES;
				COPY_PHASE_STRIP = NO;
				DEBUG_INFORMATION_FORMAT = "dwarf-with-dsym";
				ENABLE_NS_ASSERTIONS = NO;
				ENABLE_STRICT_OBJC_MSGSEND = YES;
				GCC_C_LANGUAGE_STANDARD = gnu11;
				GCC_NO_COMMON_BLOCKS = YES;
				GCC_WARN_64_TO_32_BIT_CONVERSION = YES;
				GCC_WARN_ABOUT_RETURN_TYPE = YES_ERROR;
				GCC_WARN_UNDECLARED_SELECTOR = YES;
				GCC_WARN_UNINITIALIZED_AUTOS = YES_AGGRESSIVE;
				GCC_WARN_UNUSED_FUNCTION = YES;
				GCC_WARN_UNUSED_VARIABLE = YES;
				IPHONEOS_DEPLOYMENT_TARGET = 15.5;
				MTL_ENABLE_DEBUG_INFO = NO;
				MTL_FAST_MATH = YES;
				SDKROOT = iphoneos;
				SWIFT_COMPILATION_MODE = wholemodule;
				SWIFT_OPTIMIZATION_LEVEL = "-O";
				VALIDATE_PRODUCT = YES;
			};
			name = Release;
		};
		0FA2B6542871F78600D5030E /* Debug */ = {
			isa = XCBuildConfiguration;
			buildSettings = {
				ASSETCATALOG_COMPILER_APPICON_NAME = AppIcon;
				ASSETCATALOG_COMPILER_GLOBAL_ACCENT_COLOR_NAME = AccentColor;
				CODE_SIGN_STYLE = Automatic;
				CURRENT_PROJECT_VERSION = 1;
				DEVELOPMENT_TEAM = J7MH5N2BKX;
				GENERATE_INFOPLIST_FILE = YES;
				INFOPLIST_FILE = NRCOnboarding/Info.plist;
				INFOPLIST_KEY_UIApplicationSupportsIndirectInputEvents = YES;
				INFOPLIST_KEY_UILaunchStoryboardName = LaunchScreen;
				INFOPLIST_KEY_UIMainStoryboardFile = Main;
				INFOPLIST_KEY_UISupportedInterfaceOrientations_iPad = "UIInterfaceOrientationPortrait UIInterfaceOrientationPortraitUpsideDown UIInterfaceOrientationLandscapeLeft UIInterfaceOrientationLandscapeRight";
				INFOPLIST_KEY_UISupportedInterfaceOrientations_iPhone = "UIInterfaceOrientationPortrait UIInterfaceOrientationLandscapeLeft UIInterfaceOrientationLandscapeRight";
				LD_RUNPATH_SEARCH_PATHS = (
					"$(inherited)",
					"@executable_path/Frameworks",
				);
				MARKETING_VERSION = 1.0;
				PRODUCT_BUNDLE_IDENTIFIER = com.byougil.youn.NRCOnboarding;
				PRODUCT_NAME = "$(TARGET_NAME)";
				SWIFT_EMIT_LOC_STRINGS = YES;
				SWIFT_VERSION = 5.0;
				TARGETED_DEVICE_FAMILY = "1,2";
			};
			name = Debug;
		};
		0FA2B6552871F78600D5030E /* Release */ = {
			isa = XCBuildConfiguration;
			buildSettings = {
				ASSETCATALOG_COMPILER_APPICON_NAME = AppIcon;
				ASSETCATALOG_COMPILER_GLOBAL_ACCENT_COLOR_NAME = AccentColor;
				CODE_SIGN_STYLE = Automatic;
				CURRENT_PROJECT_VERSION = 1;
				DEVELOPMENT_TEAM = J7MH5N2BKX;
				GENERATE_INFOPLIST_FILE = YES;
				INFOPLIST_FILE = NRCOnboarding/Info.plist;
				INFOPLIST_KEY_UIApplicationSupportsIndirectInputEvents = YES;
				INFOPLIST_KEY_UILaunchStoryboardName = LaunchScreen;
				INFOPLIST_KEY_UIMainStoryboardFile = Main;
				INFOPLIST_KEY_UISupportedInterfaceOrientations_iPad = "UIInterfaceOrientationPortrait UIInterfaceOrientationPortraitUpsideDown UIInterfaceOrientationLandscapeLeft UIInterfaceOrientationLandscapeRight";
				INFOPLIST_KEY_UISupportedInterfaceOrientations_iPhone = "UIInterfaceOrientationPortrait UIInterfaceOrientationLandscapeLeft UIInterfaceOrientationLandscapeRight";
				LD_RUNPATH_SEARCH_PATHS = (
					"$(inherited)",
					"@executable_path/Frameworks",
				);
				MARKETING_VERSION = 1.0;
				PRODUCT_BUNDLE_IDENTIFIER = com.byougil.youn.NRCOnboarding;
				PRODUCT_NAME = "$(TARGET_NAME)";
				SWIFT_EMIT_LOC_STRINGS = YES;
				SWIFT_VERSION = 5.0;
				TARGETED_DEVICE_FAMILY = "1,2";
			};
			name = Release;
		};
/* End XCBuildConfiguration section */

/* Begin XCConfigurationList section */
		0FA2B63A2871F78500D5030E /* Build configuration list for PBXProject "NRCOnboarding" */ = {
			isa = XCConfigurationList;
			buildConfigurations = (
				0FA2B6512871F78600D5030E /* Debug */,
				0FA2B6522871F78600D5030E /* Release */,
			);
			defaultConfigurationIsVisible = 0;
			defaultConfigurationName = Release;
		};
		0FA2B6532871F78600D5030E /* Build configuration list for PBXNativeTarget "NRCOnboarding" */ = {
			isa = XCConfigurationList;
			buildConfigurations = (
				0FA2B6542871F78600D5030E /* Debug */,
				0FA2B6552871F78600D5030E /* Release */,
			);
			defaultConfigurationIsVisible = 0;
			defaultConfigurationName = Release;
		};
/* End XCConfigurationList section */

/* Begin XCRemoteSwiftPackageReference section */
		0F4DB0A22871FF3000490EFF /* XCRemoteSwiftPackageReference "SnapKit" */ = {
			isa = XCRemoteSwiftPackageReference;
			repositoryURL = "https://github.com/SnapKit/SnapKit.git";
			requirement = {
				kind = upToNextMajorVersion;
				minimumVersion = 5.0.0;
			};
		};
/* End XCRemoteSwiftPackageReference section */

/* Begin XCSwiftPackageProductDependency section */
		0F4DB0A32871FF3000490EFF /* SnapKit */ = {
			isa = XCSwiftPackageProductDependency;
			package = 0F4DB0A22871FF3000490EFF /* XCRemoteSwiftPackageReference "SnapKit" */;
			productName = SnapKit;
		};
/* End XCSwiftPackageProductDependency section */
	};
	rootObject = 0FA2B6372871F78500D5030E /* Project object */;
}
